
Microsoft Visual Studio Solution File, Format Version 12.00
# Visual Studio Version 16
VisualStudioVersion = 16.0.30002.166
MinimumVisualStudioVersion = 10.0.40219.1
Project("{FAE04EC0-301F-11D3-BF4B-00C04F79EFBC}") = "BookListRazor", "BookListRazor\BookListRazor.csproj", "{BB16C879-AB94-48EE-A39A-9731CDAAB966}"
EndProject
Global
	GlobalSection(SolutionConfigurationPlatforms) = preSolution
		Debug|Any CPU = Debug|Any CPU
		Release|Any CPU = Release|Any CPU
	EndGlobalSection
	GlobalSection(ProjectConfigurationPlatforms) = postSolution
		{BB16C879-AB94-48EE-A39A-9731CDAAB966}.Debug|Any CPU.ActiveCfg = Debug|Any CPU
		{BB16C879-AB94-48EE-A39A-9731CDAAB966}.Debug|Any CPU.Build.0 = Debug|Any CPU
		{BB16C879-AB94-48EE-A39A-9731CDAAB966}.Release|Any CPU.ActiveCfg = Release|Any CPU
		{BB16C879-AB94-48EE-A39A-9731CDAAB966}.Release|Any CPU.Build.0 = Release|Any CPU
	EndGlobalSection
	GlobalSection(SolutionProperties) = preSolution
		HideSolutionNode = FALSE
	EndGlobalSection
	GlobalSection(ExtensibilityGlobals) = postSolution
		SolutionGuid = {D4486686-AFFB-4243-9AE1-1B60C8D85DB4}
	EndGlobalSection
EndGlobal
